
Microsoft Visual Studio Solution File, Format Version 12.00
# Visual Studio 15
VisualStudioVersion = 15.0.27428.2005
MinimumVisualStudioVersion = 10.0.40219.1
Project("{FAE04EC0-301F-11D3-BF4B-00C04F79EFBC}") = "CurrencyAppNative", "CurrencyAppNative\CurrencyAppNative.csproj", "{B2EF3B6F-B07E-4BE6-9C91-876386D60CBF}"
EndProject
Project("{FAE04EC0-301F-11D3-BF4B-00C04F79EFBC}") = "CurrencyAppShared", "CurrencyAppShared\CurrencyAppShared.csproj", "{CE9D5F8E-6339-41F1-A52F-6F6EE1DC53D6}"
EndProject
Global
	GlobalSection(SolutionConfigurationPlatforms) = preSolution
		Debug|Any CPU = Debug|Any CPU
		Debug|ARM = Debug|ARM
		Debug|x64 = Debug|x64
		Debug|x86 = Debug|x86
		Release|Any CPU = Release|Any CPU
		Release|ARM = Release|ARM
		Release|x64 = Release|x64
		Release|x86 = Release|x86
	EndGlobalSection
	GlobalSection(ProjectConfigurationPlatforms) = postSolution
		{B2EF3B6F-B07E-4BE6-9C91-876386D60CBF}.Debug|Any CPU.ActiveCfg = Debug|x86
		{B2EF3B6F-B07E-4BE6-9C91-876386D60CBF}.Debug|ARM.ActiveCfg = Debug|ARM
		{B2EF3B6F-B07E-4BE6-9C91-876386D60CBF}.Debug|ARM.Build.0 = Debug|ARM
		{B2EF3B6F-B07E-4BE6-9C91-876386D60CBF}.Debug|ARM.Deploy.0 = Debug|ARM
		{B2EF3B6F-B07E-4BE6-9C91-876386D60CBF}.Debug|x64.ActiveCfg = Debug|x64
		{B2EF3B6F-B07E-4BE6-9C91-876386D60CBF}.Debug|x64.Build.0 = Debug|x64
		{B2EF3B6F-B07E-4BE6-9C91-876386D60CBF}.Debug|x64.Deploy.0 = Debug|x64
		{B2EF3B6F-B07E-4BE6-9C91-876386D60CBF}.Debug|x86.ActiveCfg = Debug|x86
		{B2EF3B6F-B07E-4BE6-9C91-876386D60CBF}.Debug|x86.Build.0 = Debug|x86
		{B2EF3B6F-B07E-4BE6-9C91-876386D60CBF}.Debug|x86.Deploy.0 = Debug|x86
		{B2EF3B6F-B07E-4BE6-9C91-876386D60CBF}.Release|Any CPU.ActiveCfg = Release|x86
		{B2EF3B6F-B07E-4BE6-9C91-876386D60CBF}.Release|ARM.ActiveCfg = Release|ARM
		{B2EF3B6F-B07E-4BE6-9C91-876386D60CBF}.Release|ARM.Build.0 = Release|ARM
		{B2EF3B6F-B07E-4BE6-9C91-876386D60CBF}.Release|ARM.Deploy.0 = Release|ARM
		{B2EF3B6F-B07E-4BE6-9C91-876386D60CBF}.Release|x64.ActiveCfg = Release|x64
		{B2EF3B6F-B07E-4BE6-9C91-876386D60CBF}.Release|x64.Build.0 = Release|x64
		{B2EF3B6F-B07E-4BE6-9C91-876386D60CBF}.Release|x64.Deploy.0 = Release|x64
		{B2EF3B6F-B07E-4BE6-9C91-876386D60CBF}.Release|x86.ActiveCfg = Release|x86
		{B2EF3B6F-B07E-4BE6-9C91-876386D60CBF}.Release|x86.Build.0 = Release|x86
		{B2EF3B6F-B07E-4BE6-9C91-876386D60CBF}.Release|x86.Deploy.0 = Release|x86
		{CE9D5F8E-6339-41F1-A52F-6F6EE1DC53D6}.Debug|Any CPU.ActiveCfg = Debug|Any CPU
		{CE9D5F8E-6339-41F1-A52F-6F6EE1DC53D6}.Debug|Any CPU.Build.0 = Debug|Any CPU
		{CE9D5F8E-6339-41F1-A52F-6F6EE1DC53D6}.Debug|ARM.ActiveCfg = Debug|Any CPU
		{CE9D5F8E-6339-41F1-A52F-6F6EE1DC53D6}.Debug|ARM.Build.0 = Debug|Any CPU
		{CE9D5F8E-6339-41F1-A52F-6F6EE1DC53D6}.Debug|x64.ActiveCfg = Debug|Any CPU
		{CE9D5F8E-6339-41F1-A52F-6F6EE1DC53D6}.Debug|x64.Build.0 = Debug|Any CPU
		{CE9D5F8E-6339-41F1-A52F-6F6EE1DC53D6}.Debug|x86.ActiveCfg = Debug|Any CPU
		{CE9D5F8E-6339-41F1-A52F-6F6EE1DC53D6}.Debug|x86.Build.0 = Debug|Any CPU
		{CE9D5F8E-6339-41F1-A52F-6F6EE1DC53D6}.Release|Any CPU.ActiveCfg = Release|Any CPU
		{CE9D5F8E-6339-41F1-A52F-6F6EE1DC53D6}.Release|Any CPU.Build.0 = Release|Any CPU
		{CE9D5F8E-6339-41F1-A52F-6F6EE1DC53D6}.Release|ARM.ActiveCfg = Release|Any CPU
		{CE9D5F8E-6339-41F1-A52F-6F6EE1DC53D6}.Release|ARM.Build.0 = Release|Any CPU
		{CE9D5F8E-6339-41F1-A52F-6F6EE1DC53D6}.Release|x64.ActiveCfg = Release|Any CPU
		{CE9D5F8E-6339-41F1-A52F-6F6EE1DC53D6}.Release|x64.Build.0 = Release|Any CPU
		{CE9D5F8E-6339-41F1-A52F-6F6EE1DC53D6}.Release|x86.ActiveCfg = Release|Any CPU
		{CE9D5F8E-6339-41F1-A52F-6F6EE1DC53D6}.Release|x86.Build.0 = Release|Any CPU
	EndGlobalSection
	GlobalSection(SolutionProperties) = preSolution
		HideSolutionNode = FALSE
	EndGlobalSection
	GlobalSection(ExtensibilityGlobals) = postSolution
		SolutionGuid = {A1C13C6F-B845-4EE8-821C-BB04B4C5EB41}
	EndGlobalSection
EndGlobal
